
Microsoft Visual Studio Solution File, Format Version 12.00
# Visual Studio 14
VisualStudioVersion = 14.0.25420.1
MinimumVisualStudioVersion = 10.0.40219.1
Project("{2150E333-8FDC-42A3-9474-1A3956D46DE8}") = "src", "src", "{63AAC209-7FEF-4BAC-917D-9F8AEC882DA5}"
EndProject
Project("{2150E333-8FDC-42A3-9474-1A3956D46DE8}") = "Solution Items", "Solution Items", "{9E1E30B9-CDF0-4E56-B1AE-7E7F98EB1FE7}"
	ProjectSection(SolutionItems) = preProject
		global.json = global.json
	EndProjectSection
EndProject
Project("{8BB2217D-0F2D-49D1-97BC-3654ED321F3B}") = "DomainService", "src\DomainService\DomainService.xproj", "{53A4207E-BDB7-4966-8945-B61A57BA13F1}"
EndProject
Project("{8BB2217D-0F2D-49D1-97BC-3654ED321F3B}") = "Infrastructure", "src\Infrastructure\Infrastructure.xproj", "{09438E26-07C3-48A6-AC1C-8052FB5CE3E9}"
EndProject
Global
	GlobalSection(SolutionConfigurationPlatforms) = preSolution
		Debug|Any CPU = Debug|Any CPU
		Release|Any CPU = Release|Any CPU
	EndGlobalSection
	GlobalSection(ProjectConfigurationPlatforms) = postSolution
		{53A4207E-BDB7-4966-8945-B61A57BA13F1}.Debug|Any CPU.ActiveCfg = Debug|Any CPU
		{53A4207E-BDB7-4966-8945-B61A57BA13F1}.Debug|Any CPU.Build.0 = Debug|Any CPU
		{53A4207E-BDB7-4966-8945-B61A57BA13F1}.Release|Any CPU.ActiveCfg = Release|Any CPU
		{53A4207E-BDB7-4966-8945-B61A57BA13F1}.Release|Any CPU.Build.0 = Release|Any CPU
		{09438E26-07C3-48A6-AC1C-8052FB5CE3E9}.Debug|Any CPU.ActiveCfg = Debug|Any CPU
		{09438E26-07C3-48A6-AC1C-8052FB5CE3E9}.Debug|Any CPU.Build.0 = Debug|Any CPU
		{09438E26-07C3-48A6-AC1C-8052FB5CE3E9}.Release|Any CPU.ActiveCfg = Release|Any CPU
		{09438E26-07C3-48A6-AC1C-8052FB5CE3E9}.Release|Any CPU.Build.0 = Release|Any CPU
	EndGlobalSection
	GlobalSection(SolutionProperties) = preSolution
		HideSolutionNode = FALSE
	EndGlobalSection
	GlobalSection(NestedProjects) = preSolution
		{53A4207E-BDB7-4966-8945-B61A57BA13F1} = {63AAC209-7FEF-4BAC-917D-9F8AEC882DA5}
		{09438E26-07C3-48A6-AC1C-8052FB5CE3E9} = {63AAC209-7FEF-4BAC-917D-9F8AEC882DA5}
	EndGlobalSection
EndGlobal
