
Microsoft Visual Studio Solution File, Format Version 12.00
# Visual Studio 14
VisualStudioVersion = 14.0.25420.1
MinimumVisualStudioVersion = 10.0.40219.1
Project("{2150E333-8FDC-42A3-9474-1A3956D46DE8}") = "src", "src", "{7318BF5E-50AC-4E81-BB7E-3452C6B5A380}"
EndProject
Project("{2150E333-8FDC-42A3-9474-1A3956D46DE8}") = "Solution Items", "Solution Items", "{87CF47E7-98D7-4D61-8080-292028A99D93}"
	ProjectSection(SolutionItems) = preProject
		global.json = global.json
	EndProjectSection
EndProject
Project("{8BB2217D-0F2D-49D1-97BC-3654ED321F3B}") = "Infrastructure Template", "src\Infrastructure Template\Infrastructure Template.xproj", "{21E4A4C6-B6A0-4BC9-A9E5-AD5BEB454CB4}"
EndProject
Global
	GlobalSection(SolutionConfigurationPlatforms) = preSolution
		Debug|Any CPU = Debug|Any CPU
		Release|Any CPU = Release|Any CPU
	EndGlobalSection
	GlobalSection(ProjectConfigurationPlatforms) = postSolution
		{21E4A4C6-B6A0-4BC9-A9E5-AD5BEB454CB4}.Debug|Any CPU.ActiveCfg = Debug|Any CPU
		{21E4A4C6-B6A0-4BC9-A9E5-AD5BEB454CB4}.Debug|Any CPU.Build.0 = Debug|Any CPU
		{21E4A4C6-B6A0-4BC9-A9E5-AD5BEB454CB4}.Release|Any CPU.ActiveCfg = Release|Any CPU
		{21E4A4C6-B6A0-4BC9-A9E5-AD5BEB454CB4}.Release|Any CPU.Build.0 = Release|Any CPU
	EndGlobalSection
	GlobalSection(SolutionProperties) = preSolution
		HideSolutionNode = FALSE
	EndGlobalSection
	GlobalSection(NestedProjects) = preSolution
		{21E4A4C6-B6A0-4BC9-A9E5-AD5BEB454CB4} = {7318BF5E-50AC-4E81-BB7E-3452C6B5A380}
	EndGlobalSection
EndGlobal
